// !$*UTF8*$!
{
	archiveVersion = 1;
	classes = {
	};
	objectVersion = 50;
	objects = {

/* Begin PBXBuildFile section */
		DD4CD03E2652593200372C2C /* AppDelegate.swift in Sources */ = {isa = PBXBuildFile; fileRef = DD4CD03D2652593200372C2C /* AppDelegate.swift */; };
		DD4CD0402652593200372C2C /* SceneDelegate.swift in Sources */ = {isa = PBXBuildFile; fileRef = DD4CD03F2652593200372C2C /* SceneDelegate.swift */; };
		DD4CD0422652593200372C2C /* LoginViewController.swift in Sources */ = {isa = PBXBuildFile; fileRef = DD4CD0412652593200372C2C /* LoginViewController.swift */; };
		DD4CD0452652593200372C2C /* Login.storyboard in Resources */ = {isa = PBXBuildFile; fileRef = DD4CD0432652593200372C2C /* Login.storyboard */; };
		DD4CD0472652593E00372C2C /* Assets.xcassets in Resources */ = {isa = PBXBuildFile; fileRef = DD4CD0462652593E00372C2C /* Assets.xcassets */; };
		DD4CD04A2652593E00372C2C /* LaunchScreen.storyboard in Resources */ = {isa = PBXBuildFile; fileRef = DD4CD0482652593E00372C2C /* LaunchScreen.storyboard */; };
		DD4CD05226525B4600372C2C /* NetworkService.swift in Sources */ = {isa = PBXBuildFile; fileRef = DD4CD05126525B4600372C2C /* NetworkService.swift */; };
		DD572F7C2655A14C007F26CC /* UIViewController+Keyboard.swift in Sources */ = {isa = PBXBuildFile; fileRef = DD572F7B2655A14C007F26CC /* UIViewController+Keyboard.swift */; };
		DD572F9326564F98007F26CC /* ProfileViewController.swift in Sources */ = {isa = PBXBuildFile; fileRef = DD572F9226564F98007F26CC /* ProfileViewController.swift */; };
		DD572F9526564FA3007F26CC /* Profile.storyboard in Resources */ = {isa = PBXBuildFile; fileRef = DD572F9426564FA2007F26CC /* Profile.storyboard */; };
/* End PBXBuildFile section */

/* Begin PBXFileReference section */
		DD4CD03A2652593200372C2C /* Swifty Companion.app */ = {isa = PBXFileReference; explicitFileType = wrapper.application; includeInIndex = 0; path = "Swifty Companion.app"; sourceTree = BUILT_PRODUCTS_DIR; };
		DD4CD03D2652593200372C2C /* AppDelegate.swift */ = {isa = PBXFileReference; lastKnownFileType = sourcecode.swift; path = AppDelegate.swift; sourceTree = "<group>"; };
		DD4CD03F2652593200372C2C /* SceneDelegate.swift */ = {isa = PBXFileReference; lastKnownFileType = sourcecode.swift; path = SceneDelegate.swift; sourceTree = "<group>"; };
		DD4CD0412652593200372C2C /* LoginViewController.swift */ = {isa = PBXFileReference; lastKnownFileType = sourcecode.swift; path = LoginViewController.swift; sourceTree = "<group>"; };
		DD4CD0442652593200372C2C /* Base */ = {isa = PBXFileReference; lastKnownFileType = file.storyboard; name = Base; path = Base.lproj/Login.storyboard; sourceTree = "<group>"; };
		DD4CD0462652593E00372C2C /* Assets.xcassets */ = {isa = PBXFileReference; lastKnownFileType = folder.assetcatalog; path = Assets.xcassets; sourceTree = "<group>"; };
		DD4CD0492652593E00372C2C /* Base */ = {isa = PBXFileReference; lastKnownFileType = file.storyboard; name = Base; path = Base.lproj/LaunchScreen.storyboard; sourceTree = "<group>"; };
		DD4CD04B2652593E00372C2C /* Info.plist */ = {isa = PBXFileReference; lastKnownFileType = text.plist.xml; path = Info.plist; sourceTree = "<group>"; };
		DD4CD05126525B4600372C2C /* NetworkService.swift */ = {isa = PBXFileReference; lastKnownFileType = sourcecode.swift; path = NetworkService.swift; sourceTree = "<group>"; };
		DD572F7B2655A14C007F26CC /* UIViewController+Keyboard.swift */ = {isa = PBXFileReference; lastKnownFileType = sourcecode.swift; path = "UIViewController+Keyboard.swift"; sourceTree = "<group>"; };
		DD572F9226564F98007F26CC /* ProfileViewController.swift */ = {isa = PBXFileReference; lastKnownFileType = sourcecode.swift; path = ProfileViewController.swift; sourceTree = "<group>"; };
		DD572F9426564FA2007F26CC /* Profile.storyboard */ = {isa = PBXFileReference; lastKnownFileType = file.storyboard; path = Profile.storyboard; sourceTree = "<group>"; };
/* End PBXFileReference section */

/* Begin PBXFrameworksBuildPhase section */
		DD4CD0372652593100372C2C /* Frameworks */ = {
			isa = PBXFrameworksBuildPhase;
			buildActionMask = 2147483647;
			files = (
			);
			runOnlyForDeploymentPostprocessing = 0;
		};
/* End PBXFrameworksBuildPhase section */

/* Begin PBXGroup section */
		DD4CD0312652593100372C2C = {
			isa = PBXGroup;
			children = (
				DD4CD03C2652593200372C2C /* Swifty Companion */,
				DD4CD03B2652593200372C2C /* Products */,
			);
			sourceTree = "<group>";
		};
		DD4CD03B2652593200372C2C /* Products */ = {
			isa = PBXGroup;
			children = (
				DD4CD03A2652593200372C2C /* Swifty Companion.app */,
			);
			name = Products;
			sourceTree = "<group>";
		};
		DD4CD03C2652593200372C2C /* Swifty Companion */ = {
			isa = PBXGroup;
			children = (
				DD572F8F26564F13007F26CC /* Network */,
				DD572F8E26564EFE007F26CC /* Modules */,
				DD572F7A2655A12F007F26CC /* Extensions */,
				DD4CD03D2652593200372C2C /* AppDelegate.swift */,
				DD4CD03F2652593200372C2C /* SceneDelegate.swift */,
				DD4CD0462652593E00372C2C /* Assets.xcassets */,
				DD4CD0482652593E00372C2C /* LaunchScreen.storyboard */,
				DD4CD04B2652593E00372C2C /* Info.plist */,
			);
			path = "Swifty Companion";
			sourceTree = "<group>";
		};
		DD572F7A2655A12F007F26CC /* Extensions */ = {
			isa = PBXGroup;
			children = (
				DD572F7B2655A14C007F26CC /* UIViewController+Keyboard.swift */,
			);
			path = Extensions;
			sourceTree = "<group>";
		};
		DD572F8E26564EFE007F26CC /* Modules */ = {
			isa = PBXGroup;
			children = (
				DD572F9126564F81007F26CC /* Profile */,
				DD572F9026564F62007F26CC /* Login */,
			);
			path = Modules;
			sourceTree = "<group>";
		};
		DD572F8F26564F13007F26CC /* Network */ = {
			isa = PBXGroup;
			children = (
				DD572F972656518C007F26CC /* Models */,
				DD572F9626565182007F26CC /* Operations */,
				DD4CD05126525B4600372C2C /* NetworkService.swift */,
			);
			path = Network;
			sourceTree = "<group>";
		};
		DD572F9026564F62007F26CC /* Login */ = {
			isa = PBXGroup;
			children = (
				DD4CD0412652593200372C2C /* LoginViewController.swift */,
				DD4CD0432652593200372C2C /* Login.storyboard */,
			);
			path = Login;
			sourceTree = "<group>";
		};
		DD572F9126564F81007F26CC /* Profile */ = {
			isa = PBXGroup;
			children = (
				DD572F9226564F98007F26CC /* ProfileViewController.swift */,
				DD572F9426564FA2007F26CC /* Profile.storyboard */,
			);
			path = Profile;
			sourceTree = "<group>";
		};
		DD572F9626565182007F26CC /* Operations */ = {
			isa = PBXGroup;
			children = (
			);
			path = Operations;
			sourceTree = "<group>";
		};
		DD572F972656518C007F26CC /* Models */ = {
			isa = PBXGroup;
			children = (
			);
			path = Models;
			sourceTree = "<group>";
		};
/* End PBXGroup section */

/* Begin PBXNativeTarget section */
		DD4CD0392652593100372C2C /* Swifty Companion */ = {
			isa = PBXNativeTarget;
			buildConfigurationList = DD4CD04E2652593E00372C2C /* Build configuration list for PBXNativeTarget "Swifty Companion" */;
			buildPhases = (
				DD4CD0362652593100372C2C /* Sources */,
				DD4CD0372652593100372C2C /* Frameworks */,
				DD4CD0382652593100372C2C /* Resources */,
			);
			buildRules = (
			);
			dependencies = (
			);
			name = "Swifty Companion";
			productName = "Swifty Companion";
			productReference = DD4CD03A2652593200372C2C /* Swifty Companion.app */;
			productType = "com.apple.product-type.application";
		};
/* End PBXNativeTarget section */

/* Begin PBXProject section */
		DD4CD0322652593100372C2C /* Project object */ = {
			isa = PBXProject;
			attributes = {
				LastSwiftUpdateCheck = 1250;
				LastUpgradeCheck = 1250;
				TargetAttributes = {
					DD4CD0392652593100372C2C = {
						CreatedOnToolsVersion = 12.5;
					};
				};
			};
			buildConfigurationList = DD4CD0352652593100372C2C /* Build configuration list for PBXProject "Swifty Companion" */;
			compatibilityVersion = "Xcode 9.3";
			developmentRegion = en;
			hasScannedForEncodings = 0;
			knownRegions = (
				en,
				Base,
			);
			mainGroup = DD4CD0312652593100372C2C;
			productRefGroup = DD4CD03B2652593200372C2C /* Products */;
			projectDirPath = "";
			projectRoot = "";
			targets = (
				DD4CD0392652593100372C2C /* Swifty Companion */,
			);
		};
/* End PBXProject section */

/* Begin PBXResourcesBuildPhase section */
		DD4CD0382652593100372C2C /* Resources */ = {
			isa = PBXResourcesBuildPhase;
			buildActionMask = 2147483647;
			files = (
				DD4CD04A2652593E00372C2C /* LaunchScreen.storyboard in Resources */,
				DD4CD0472652593E00372C2C /* Assets.xcassets in Resources */,
				DD572F9526564FA3007F26CC /* Profile.storyboard in Resources */,
				DD4CD0452652593200372C2C /* Login.storyboard in Resources */,
			);
			runOnlyForDeploymentPostprocessing = 0;
		};
/* End PBXResourcesBuildPhase section */

/* Begin PBXSourcesBuildPhase section */
		DD4CD0362652593100372C2C /* Sources */ = {
			isa = PBXSourcesBuildPhase;
			buildActionMask = 2147483647;
			files = (
				DD572F9326564F98007F26CC /* ProfileViewController.swift in Sources */,
				DD572F7C2655A14C007F26CC /* UIViewController+Keyboard.swift in Sources */,
				DD4CD0422652593200372C2C /* LoginViewController.swift in Sources */,
				DD4CD03E2652593200372C2C /* AppDelegate.swift in Sources */,
				DD4CD05226525B4600372C2C /* NetworkService.swift in Sources */,
				DD4CD0402652593200372C2C /* SceneDelegate.swift in Sources */,
			);
			runOnlyForDeploymentPostprocessing = 0;
		};
/* End PBXSourcesBuildPhase section */

/* Begin PBXVariantGroup section */
		DD4CD0432652593200372C2C /* Login.storyboard */ = {
			isa = PBXVariantGroup;
			children = (
				DD4CD0442652593200372C2C /* Base */,
			);
			name = Login.storyboard;
			sourceTree = "<group>";
		};
		DD4CD0482652593E00372C2C /* LaunchScreen.storyboard */ = {
			isa = PBXVariantGroup;
			children = (
				DD4CD0492652593E00372C2C /* Base */,
			);
			name = LaunchScreen.storyboard;
			sourceTree = "<group>";
		};
/* End PBXVariantGroup section */

/* Begin XCBuildConfiguration section */
		DD4CD04C2652593E00372C2C /* Debug */ = {
			isa = XCBuildConfiguration;
			buildSettings = {
				ALWAYS_SEARCH_USER_PATHS = NO;
				CLANG_ANALYZER_NONNULL = YES;
				CLANG_ANALYZER_NUMBER_OBJECT_CONVERSION = YES_AGGRESSIVE;
				CLANG_CXX_LANGUAGE_STANDARD = "gnu++14";
				CLANG_CXX_LIBRARY = "libc++";
				CLANG_ENABLE_MODULES = YES;
				CLANG_ENABLE_OBJC_ARC = YES;
				CLANG_ENABLE_OBJC_WEAK = YES;
				CLANG_WARN_BLOCK_CAPTURE_AUTORELEASING = YES;
				CLANG_WARN_BOOL_CONVERSION = YES;
				CLANG_WARN_COMMA = YES;
				CLANG_WARN_CONSTANT_CONVERSION = YES;
				CLANG_WARN_DEPRECATED_OBJC_IMPLEMENTATIONS = YES;
				CLANG_WARN_DIRECT_OBJC_ISA_USAGE = YES_ERROR;
				CLANG_WARN_DOCUMENTATION_COMMENTS = YES;
				CLANG_WARN_EMPTY_BODY = YES;
				CLANG_WARN_ENUM_CONVERSION = YES;
				CLANG_WARN_INFINITE_RECURSION = YES;
				CLANG_WARN_INT_CONVERSION = YES;
				CLANG_WARN_NON_LITERAL_NULL_CONVERSION = YES;
				CLANG_WARN_OBJC_IMPLICIT_RETAIN_SELF = YES;
				CLANG_WARN_OBJC_LITERAL_CONVERSION = YES;
				CLANG_WARN_OBJC_ROOT_CLASS = YES_ERROR;
				CLANG_WARN_QUOTED_INCLUDE_IN_FRAMEWORK_HEADER = YES;
				CLANG_WARN_RANGE_LOOP_ANALYSIS = YES;
				CLANG_WARN_STRICT_PROTOTYPES = YES;
				CLANG_WARN_SUSPICIOUS_MOVE = YES;
				CLANG_WARN_UNGUARDED_AVAILABILITY = YES_AGGRESSIVE;
				CLANG_WARN_UNREACHABLE_CODE = YES;
				CLANG_WARN__DUPLICATE_METHOD_MATCH = YES;
				COPY_PHASE_STRIP = NO;
				DEBUG_INFORMATION_FORMAT = dwarf;
				ENABLE_STRICT_OBJC_MSGSEND = YES;
				ENABLE_TESTABILITY = YES;
				GCC_C_LANGUAGE_STANDARD = gnu11;
				GCC_DYNAMIC_NO_PIC = NO;
				GCC_NO_COMMON_BLOCKS = YES;
				GCC_OPTIMIZATION_LEVEL = 0;
				GCC_PREPROCESSOR_DEFINITIONS = (
					"DEBUG=1",
					"$(inherited)",
				);
				GCC_WARN_64_TO_32_BIT_CONVERSION = YES;
				GCC_WARN_ABOUT_RETURN_TYPE = YES_ERROR;
				GCC_WARN_UNDECLARED_SELECTOR = YES;
				GCC_WARN_UNINITIALIZED_AUTOS = YES_AGGRESSIVE;
				GCC_WARN_UNUSED_FUNCTION = YES;
				GCC_WARN_UNUSED_VARIABLE = YES;
				IPHONEOS_DEPLOYMENT_TARGET = 13.3;
				MTL_ENABLE_DEBUG_INFO = INCLUDE_SOURCE;
				MTL_FAST_MATH = YES;
				ONLY_ACTIVE_ARCH = YES;
				SDKROOT = iphoneos;
				SWIFT_ACTIVE_COMPILATION_CONDITIONS = DEBUG;
				SWIFT_OPTIMIZATION_LEVEL = "-Onone";
			};
			name = Debug;
		};
		DD4CD04D2652593E00372C2C /* Release */ = {
			isa = XCBuildConfiguration;
			buildSettings = {
				ALWAYS_SEARCH_USER_PATHS = NO;
				CLANG_ANALYZER_NONNULL = YES;
				CLANG_ANALYZER_NUMBER_OBJECT_CONVERSION = YES_AGGRESSIVE;
				CLANG_CXX_LANGUAGE_STANDARD = "gnu++14";
				CLANG_CXX_LIBRARY = "libc++";
				CLANG_ENABLE_MODULES = YES;
				CLANG_ENABLE_OBJC_ARC = YES;
				CLANG_ENABLE_OBJC_WEAK = YES;
				CLANG_WARN_BLOCK_CAPTURE_AUTORELEASING = YES;
				CLANG_WARN_BOOL_CONVERSION = YES;
				CLANG_WARN_COMMA = YES;
				CLANG_WARN_CONSTANT_CONVERSION = YES;
				CLANG_WARN_DEPRECATED_OBJC_IMPLEMENTATIONS = YES;
				CLANG_WARN_DIRECT_OBJC_ISA_USAGE = YES_ERROR;
				CLANG_WARN_DOCUMENTATION_COMMENTS = YES;
				CLANG_WARN_EMPTY_BODY = YES;
				CLANG_WARN_ENUM_CONVERSION = YES;
				CLANG_WARN_INFINITE_RECURSION = YES;
				CLANG_WARN_INT_CONVERSION = YES;
				CLANG_WARN_NON_LITERAL_NULL_CONVERSION = YES;
				CLANG_WARN_OBJC_IMPLICIT_RETAIN_SELF = YES;
				CLANG_WARN_OBJC_LITERAL_CONVERSION = YES;
				CLANG_WARN_OBJC_ROOT_CLASS = YES_ERROR;
				CLANG_WARN_QUOTED_INCLUDE_IN_FRAMEWORK_HEADER = YES;
				CLANG_WARN_RANGE_LOOP_ANALYSIS = YES;
				CLANG_WARN_STRICT_PROTOTYPES = YES;
				CLANG_WARN_SUSPICIOUS_MOVE = YES;
				CLANG_WARN_UNGUARDED_AVAILABILITY = YES_AGGRESSIVE;
				CLANG_WARN_UNREACHABLE_CODE = YES;
				CLANG_WARN__DUPLICATE_METHOD_MATCH = YES;
				COPY_PHASE_STRIP = NO;
				DEBUG_INFORMATION_FORMAT = "dwarf-with-dsym";
				ENABLE_NS_ASSERTIONS = NO;
				ENABLE_STRICT_OBJC_MSGSEND = YES;
				GCC_C_LANGUAGE_STANDARD = gnu11;
				GCC_NO_COMMON_BLOCKS = YES;
				GCC_WARN_64_TO_32_BIT_CONVERSION = YES;
				GCC_WARN_ABOUT_RETURN_TYPE = YES_ERROR;
				GCC_WARN_UNDECLARED_SELECTOR = YES;
				GCC_WARN_UNINITIALIZED_AUTOS = YES_AGGRESSIVE;
				GCC_WARN_UNUSED_FUNCTION = YES;
				GCC_WARN_UNUSED_VARIABLE = YES;
				IPHONEOS_DEPLOYMENT_TARGET = 13.3;
				MTL_ENABLE_DEBUG_INFO = NO;
				MTL_FAST_MATH = YES;
				SDKROOT = iphoneos;
				SWIFT_COMPILATION_MODE = wholemodule;
				SWIFT_OPTIMIZATION_LEVEL = "-O";
				VALIDATE_PRODUCT = YES;
			};
			name = Release;
		};
		DD4CD04F2652593E00372C2C /* Debug */ = {
			isa = XCBuildConfiguration;
			buildSettings = {
				ASSETCATALOG_COMPILER_APPICON_NAME = AppIcon;
				ASSETCATALOG_COMPILER_GLOBAL_ACCENT_COLOR_NAME = AccentColor;
				CODE_SIGN_STYLE = Automatic;
				DEVELOPMENT_TEAM = 52RV4T28WM;
				INFOPLIST_FILE = "Swifty Companion/Info.plist";
				IPHONEOS_DEPLOYMENT_TARGET = 13.3;
				LD_RUNPATH_SEARCH_PATHS = (
					"$(inherited)",
					"@executable_path/Frameworks",
				);
				PRODUCT_BUNDLE_IDENTIFIER = "mn.Swifty-Companion";
				PRODUCT_NAME = "$(TARGET_NAME)";
				SWIFT_VERSION = 5.0;
				TARGETED_DEVICE_FAMILY = 1;
			};
			name = Debug;
		};
		DD4CD0502652593E00372C2C /* Release */ = {
			isa = XCBuildConfiguration;
			buildSettings = {
				ASSETCATALOG_COMPILER_APPICON_NAME = AppIcon;
				ASSETCATALOG_COMPILER_GLOBAL_ACCENT_COLOR_NAME = AccentColor;
				CODE_SIGN_STYLE = Automatic;
				DEVELOPMENT_TEAM = 52RV4T28WM;
				INFOPLIST_FILE = "Swifty Companion/Info.plist";
				IPHONEOS_DEPLOYMENT_TARGET = 13.3;
				LD_RUNPATH_SEARCH_PATHS = (
					"$(inherited)",
					"@executable_path/Frameworks",
				);
				PRODUCT_BUNDLE_IDENTIFIER = "mn.Swifty-Companion";
				PRODUCT_NAME = "$(TARGET_NAME)";
				SWIFT_VERSION = 5.0;
				TARGETED_DEVICE_FAMILY = 1;
			};
			name = Release;
		};
/* End XCBuildConfiguration section */

/* Begin XCConfigurationList section */
		DD4CD0352652593100372C2C /* Build configuration list for PBXProject "Swifty Companion" */ = {
			isa = XCConfigurationList;
			buildConfigurations = (
				DD4CD04C2652593E00372C2C /* Debug */,
				DD4CD04D2652593E00372C2C /* Release */,
			);
			defaultConfigurationIsVisible = 0;
			defaultConfigurationName = Release;
		};
		DD4CD04E2652593E00372C2C /* Build configuration list for PBXNativeTarget "Swifty Companion" */ = {
			isa = XCConfigurationList;
			buildConfigurations = (
				DD4CD04F2652593E00372C2C /* Debug */,
				DD4CD0502652593E00372C2C /* Release */,
			);
			defaultConfigurationIsVisible = 0;
			defaultConfigurationName = Release;
		};
/* End XCConfigurationList section */
	};
	rootObject = DD4CD0322652593100372C2C /* Project object */;
}
